
Microsoft Visual Studio Solution File, Format Version 12.00
# Visual Studio 15
VisualStudioVersion = 15.0.26730.10
MinimumVisualStudioVersion = 10.0.40219.1
Project("{FAE04EC0-301F-11D3-BF4B-00C04F79EFBC}") = "WebApplication1", "WebApplication1\WebApplication1.csproj", "{00473A93-8455-4C56-B498-CE2C4ACE1A95}"
EndProject
Global
	GlobalSection(SolutionConfigurationPlatforms) = preSolution
		Debug|Any CPU = Debug|Any CPU
		Release|Any CPU = Release|Any CPU
	EndGlobalSection
	GlobalSection(ProjectConfigurationPlatforms) = postSolution
		{00473A93-8455-4C56-B498-CE2C4ACE1A95}.Debug|Any CPU.ActiveCfg = Debug|Any CPU
		{00473A93-8455-4C56-B498-CE2C4ACE1A95}.Debug|Any CPU.Build.0 = Debug|Any CPU
		{00473A93-8455-4C56-B498-CE2C4ACE1A95}.Release|Any CPU.ActiveCfg = Release|Any CPU
		{00473A93-8455-4C56-B498-CE2C4ACE1A95}.Release|Any CPU.Build.0 = Release|Any CPU
	EndGlobalSection
	GlobalSection(SolutionProperties) = preSolution
		HideSolutionNode = FALSE
	EndGlobalSection
	GlobalSection(ExtensibilityGlobals) = postSolution
		SolutionGuid = {2DCB7D75-E70B-4A7D-BF6F-C15840114342}
	EndGlobalSection
EndGlobal
